github.com/chunqian/pretty v0.0.0-20200209081004-f3483f24b001 h1:nD2PY7iBgZ+n84qBrOHuwKsgeknTriF2ZNDsR749RaA=
github.com/chunqian/pretty v0.0.0-20200209081004-f3483f24b001/go.mod h1:Dj9RhzoAc/F9Y9aGbXPEMu4DZHkQlxeI8arA6g/Rcls=
github.com/kr/pty v1.1.1/go.mod h1:pFQYn66WHrOpPYNljwOMqo10TkYh1fy3cYio2l3bCsQ=
github.com/kr/text v0.1.0 h1:45sCR5RtlFHMR4UwH9sdQ5TC8v0qDQCHnXt+kaKSTVE=
github.com/kr/text v0.1.0/go.mod h1:4Jbv+DJW3UT/LiOwJeYQe1efqtUx/iVham/4vfdArNI=
